
Microsoft Visual Studio Solution File, Format Version 12.00
# Visual Studio Version 16
VisualStudioVersion = 16.0.30523.141
MinimumVisualStudioVersion = 10.0.40219.1
Project("{FAE04EC0-301F-11D3-BF4B-00C04F79EFBC}") = "SmartDots", "SmartDots\SmartDots.csproj", "{7DC47E47-F29D-4BAE-86C0-152877EC5011}"
EndProject
Project("{FAE04EC0-301F-11D3-BF4B-00C04F79EFBC}") = "ICES.SmartDots.WebAPI", "ICES.SmartDots.WebAPI\ICES.SmartDots.WebAPI.csproj", "{F1C501EA-AF2C-41BB-A7A3-080D58EB534D}"
EndProject
Global
	GlobalSection(SolutionConfigurationPlatforms) = preSolution
		Debug|Any CPU = Debug|Any CPU
		Debug|x86 = Debug|x86
		Release|Any CPU = Release|Any CPU
		Release|x86 = Release|x86
	EndGlobalSection
	GlobalSection(ProjectConfigurationPlatforms) = postSolution
		{7DC47E47-F29D-4BAE-86C0-152877EC5011}.Debug|Any CPU.ActiveCfg = Debug|Any CPU
		{7DC47E47-F29D-4BAE-86C0-152877EC5011}.Debug|Any CPU.Build.0 = Debug|Any CPU
		{7DC47E47-F29D-4BAE-86C0-152877EC5011}.Debug|x86.ActiveCfg = Debug|x86
		{7DC47E47-F29D-4BAE-86C0-152877EC5011}.Debug|x86.Build.0 = Debug|x86
		{7DC47E47-F29D-4BAE-86C0-152877EC5011}.Release|Any CPU.ActiveCfg = Release|Any CPU
		{7DC47E47-F29D-4BAE-86C0-152877EC5011}.Release|Any CPU.Build.0 = Release|Any CPU
		{7DC47E47-F29D-4BAE-86C0-152877EC5011}.Release|x86.ActiveCfg = Release|x86
		{7DC47E47-F29D-4BAE-86C0-152877EC5011}.Release|x86.Build.0 = Release|x86
		{F1C501EA-AF2C-41BB-A7A3-080D58EB534D}.Debug|Any CPU.ActiveCfg = Debug|Any CPU
		{F1C501EA-AF2C-41BB-A7A3-080D58EB534D}.Debug|Any CPU.Build.0 = Debug|Any CPU
		{F1C501EA-AF2C-41BB-A7A3-080D58EB534D}.Debug|x86.ActiveCfg = Debug|Any CPU
		{F1C501EA-AF2C-41BB-A7A3-080D58EB534D}.Debug|x86.Build.0 = Debug|Any CPU
		{F1C501EA-AF2C-41BB-A7A3-080D58EB534D}.Release|Any CPU.ActiveCfg = Release|Any CPU
		{F1C501EA-AF2C-41BB-A7A3-080D58EB534D}.Release|Any CPU.Build.0 = Release|Any CPU
		{F1C501EA-AF2C-41BB-A7A3-080D58EB534D}.Release|x86.ActiveCfg = Release|Any CPU
		{F1C501EA-AF2C-41BB-A7A3-080D58EB534D}.Release|x86.Build.0 = Release|Any CPU
	EndGlobalSection
	GlobalSection(SolutionProperties) = preSolution
		HideSolutionNode = FALSE
	EndGlobalSection
	GlobalSection(ExtensibilityGlobals) = postSolution
		SolutionGuid = {C9A4408A-9F00-47E3-9C08-C89E3A71A0A6}
	EndGlobalSection
EndGlobal
